PODS:
  - AppAuth (1.4.0):
    - AppAuth/Core (= 1.4.0)
    - AppAuth/ExternalUserAgent (= 1.4.0)
  - AppAuth/Core (1.4.0)
  - AppAuth/ExternalUserAgent (1.4.0)
  - boost-for-react-native (1.63.0)
  - BVLinearGradient (2.5.6):
    - React
  - DoubleConversion (1.1.6)
  - FBLazyVector (0.63.2)
  - FBReactNativeSpec (0.63.2):
    - Folly (= 2020.01.13.00)
    - RCTRequired (= 0.63.2)
    - RCTTypeSafety (= 0.63.2)
    - React-Core (= 0.63.2)
    - React-jsi (= 0.63.2)
    - ReactCommon/turbomodule/core (= 0.63.2)
  - FBSDKCoreKit (7.1.1):
    - FBSDKCoreKit/Basics (= 7.1.1)
    - FBSDKCoreKit/Core (= 7.1.1)
  - FBSDKCoreKit/Basics (7.1.1)
  - FBSDKCoreKit/Core (7.1.1):
    - FBSDKCoreKit/Basics
  - FBSDKLoginKit (7.1.1):
    - FBSDKLoginKit/Login (= 7.1.1)
  - FBSDKLoginKit/Login (7.1.1):
    - FBSDKCoreKit (~> 7.1.1)
  - FBSDKShareKit (7.1.1):
    - FBSDKShareKit/Share (= 7.1.1)
  - FBSDKShareKit/Share (7.1.1):
    - FBSDKCoreKit (~> 7.1.1)
  - Firebase/CoreOnly (7.11.0):
    - FirebaseCore (= 7.11.0)
  - FirebaseCore (7.11.0):
    - FirebaseCoreDiagnostics (~> 7.4)
    - GoogleUtilities/Environment (~> 7.0)
    - GoogleUtilities/Logger (~> 7.0)
  - FirebaseCoreDiagnostics (7.11.0):
    - GoogleDataTransport (~> 8.4)
    - GoogleUtilities/Environment (~> 7.0)
    - GoogleUtilities/Logger (~> 7.0)
    - nanopb (~> 2.30908.0)
  - Folly (2020.01.13.00):
    - boost-for-react-native
    - DoubleConversion
    - Folly/Default (= 2020.01.13.00)
    - glog
  - Folly/Default (2020.01.13.00):
    - boost-for-react-native
    - DoubleConversion
    - glog
  - glog (0.3.5)
  - GoogleDataTransport (8.4.0):
    - GoogleUtilities/Environment (~> 7.2)
    - nanopb (~> 2.30908.0)
    - PromisesObjC (~> 1.2)
  - GoogleMaps (3.1.0):
    - GoogleMaps/Maps (= 3.1.0)
  - GoogleMaps/Base (3.1.0)
  - GoogleMaps/Maps (3.1.0):
    - GoogleMaps/Base
  - GooglePlaces (3.1.0):
    - GoogleMaps/Base (= 3.1.0)
  - GoogleSignIn (5.0.2):
    - AppAuth (~> 1.2)
    - GTMAppAuth (~> 1.0)
    - GTMSessionFetcher/Core (~> 1.1)
  - GoogleUtilities/Environment (7.4.1):
    - PromisesObjC (~> 1.2)
  - GoogleUtilities/Logger (7.4.1):
    - GoogleUtilities/Environment
  - GTMAppAuth (1.2.2):
    - AppAuth/Core (~> 1.4)
    - GTMSessionFetcher/Core (~> 1.5)
  - GTMSessionFetcher/Core (1.5.0)
  - nanopb (2.30908.0):
    - nanopb/decode (= 2.30908.0)
    - nanopb/encode (= 2.30908.0)
  - nanopb/decode (2.30908.0)
  - nanopb/encode (2.30908.0)
  - OneSignalXCFramework (3.4.4)
  - Permission-LocationAlways (2.2.2):
    - RNPermissions
  - Permission-LocationWhenInUse (2.2.2):
    - RNPermissions
  - PromisesObjC (1.2.12)
  - RCTRequired (0.63.2)
  - RCTTypeSafety (0.63.2):
    - FBLazyVector (= 0.63.2)
    - Folly (= 2020.01.13.00)
    - RCTRequired (= 0.63.2)
    - React-Core (= 0.63.2)
  - React (0.63.2):
    - React-Core (= 0.63.2)
    - React-Core/DevSupport (= 0.63.2)
    - React-Core/RCTWebSocket (= 0.63.2)
    - React-RCTActionSheet (= 0.63.2)
    - React-RCTAnimation (= 0.63.2)
    - React-RCTBlob (= 0.63.2)
    - React-RCTImage (= 0.63.2)
    - React-RCTLinking (= 0.63.2)
    - React-RCTNetwork (= 0.63.2)
    - React-RCTSettings (= 0.63.2)
    - React-RCTText (= 0.63.2)
    - React-RCTVibration (= 0.63.2)
  - React-callinvoker (0.63.2)
  - React-Core (0.63.2):
    - Folly (= 2020.01.13.00)
    - glog
    - React-Core/Default (= 0.63.2)
    - React-cxxreact (= 0.63.2)
    - React-jsi (= 0.63.2)
    - React-jsiexecutor (= 0.63.2)
    - Yoga
  - React-Core/CoreModulesHeaders (0.63.2):
    - Folly (= 2020.01.13.00)
    - glog
    - React-Core/Default
    - React-cxxreact (= 0.63.2)
    - React-jsi (= 0.63.2)
    - React-jsiexecutor (= 0.63.2)
    - Yoga
  - React-Core/Default (0.63.2):
    - Folly (= 2020.01.13.00)
    - glog
    - React-cxxreact (= 0.63.2)
    - React-jsi (= 0.63.2)
    - React-jsiexecutor (= 0.63.2)
    - Yoga
  - React-Core/DevSupport (0.63.2):
    - Folly (= 2020.01.13.00)
    - glog
    - React-Core/Default (= 0.63.2)
    - React-Core/RCTWebSocket (= 0.63.2)
    - React-cxxreact (= 0.63.2)
    - React-jsi (= 0.63.2)
    - React-jsiexecutor (= 0.63.2)
    - React-jsinspector (= 0.63.2)
    - Yoga
  - React-Core/RCTActionSheetHeaders (0.63.2):
    - Folly (= 2020.01.13.00)
    - glog
    - React-Core/Default
    - React-cxxreact (= 0.63.2)
    - React-jsi (= 0.63.2)
    - React-jsiexecutor (= 0.63.2)
    - Yoga
  - React-Core/RCTAnimationHeaders (0.63.2):
    - Folly (= 2020.01.13.00)
    - glog
    - React-Core/Default
    - React-cxxreact (= 0.63.2)
    - React-jsi (= 0.63.2)
    - React-jsiexecutor (= 0.63.2)
    - Yoga
  - React-Core/RCTBlobHeaders (0.63.2):
    - Folly (= 2020.01.13.00)
    - glog
    - React-Core/Default
    - React-cxxreact (= 0.63.2)
    - React-jsi (= 0.63.2)
    - React-jsiexecutor (= 0.63.2)
    - Yoga
  - React-Core/RCTImageHeaders (0.63.2):
    - Folly (= 2020.01.13.00)
    - glog
    - React-Core/Default
    - React-cxxreact (= 0.63.2)
    - React-jsi (= 0.63.2)
    - React-jsiexecutor (= 0.63.2)
    - Yoga
  - React-Core/RCTLinkingHeaders (0.63.2):
    - Folly (= 2020.01.13.00)
    - glog
    - React-Core/Default
    - React-cxxreact (= 0.63.2)
    - React-jsi (= 0.63.2)
    - React-jsiexecutor (= 0.63.2)
    - Yoga
  - React-Core/RCTNetworkHeaders (0.63.2):
    - Folly (= 2020.01.13.00)
    - glog
    - React-Core/Default
    - React-cxxreact (= 0.63.2)
    - React-jsi (= 0.63.2)
    - React-jsiexecutor (= 0.63.2)
    - Yoga
  - React-Core/RCTSettingsHeaders (0.63.2):
    - Folly (= 2020.01.13.00)
    - glog
    - React-Core/Default
    - React-cxxreact (= 0.63.2)
    - React-jsi (= 0.63.2)
    - React-jsiexecutor (= 0.63.2)
    - Yoga
  - React-Core/RCTTextHeaders (0.63.2):
    - Folly (= 2020.01.13.00)
    - glog
    - React-Core/Default
    - React-cxxreact (= 0.63.2)
    - React-jsi (= 0.63.2)
    - React-jsiexecutor (= 0.63.2)
    - Yoga
  - React-Core/RCTVibrationHeaders (0.63.2):
    - Folly (= 2020.01.13.00)
    - glog
    - React-Core/Default
    - React-cxxreact (= 0.63.2)
    - React-jsi (= 0.63.2)
    - React-jsiexecutor (= 0.63.2)
    - Yoga
  - React-Core/RCTWebSocket (0.63.2):
    - Folly (= 2020.01.13.00)
    - glog
    - React-Core/Default (= 0.63.2)
    - React-cxxreact (= 0.63.2)
    - React-jsi (= 0.63.2)
    - React-jsiexecutor (= 0.63.2)
    - Yoga
  - React-CoreModules (0.63.2):
    - FBReactNativeSpec (= 0.63.2)
    - Folly (= 2020.01.13.00)
    - RCTTypeSafety (= 0.63.2)
    - React-Core/CoreModulesHeaders (= 0.63.2)
    - React-jsi (= 0.63.2)
    - React-RCTImage (= 0.63.2)
    - ReactCommon/turbomodule/core (= 0.63.2)
  - React-cxxreact (0.63.2):
    - boost-for-react-native (= 1.63.0)
    - DoubleConversion
    - Folly (= 2020.01.13.00)
    - glog
    - React-callinvoker (= 0.63.2)
    - React-jsinspector (= 0.63.2)
  - React-jsi (0.63.2):
    - boost-for-react-native (= 1.63.0)
    - DoubleConversion
    - Folly (= 2020.01.13.00)
    - glog
    - React-jsi/Default (= 0.63.2)
  - React-jsi/Default (0.63.2):
    - boost-for-react-native (= 1.63.0)
    - DoubleConversion
    - Folly (= 2020.01.13.00)
    - glog
  - React-jsiexecutor (0.63.2):
    - DoubleConversion
    - Folly (= 2020.01.13.00)
    - glog
    - React-cxxreact (= 0.63.2)
    - React-jsi (= 0.63.2)
  - React-jsinspector (0.63.2)
  - react-native-date-picker (3.3.2):
    - React-Core
  - react-native-fbsdk (2.0.0):
    - React
    - react-native-fbsdk/Core (= 2.0.0)
    - react-native-fbsdk/Login (= 2.0.0)
    - react-native-fbsdk/Share (= 2.0.0)
  - react-native-fbsdk/Core (2.0.0):
    - FBSDKCoreKit (~> 7.0)
    - React
  - react-native-fbsdk/Login (2.0.0):
    - FBSDKLoginKit (~> 7.0)
    - React
  - react-native-fbsdk/Share (2.0.0):
    - FBSDKShareKit (~> 7.0)
    - React
  - react-native-geolocation (2.0.2):
    - React
  - react-native-geolocation-service (5.2.0):
    - React
  - react-native-google-places (3.1.2):
    - GoogleMaps (~> 3.1.0)
    - GooglePlaces (~> 3.1.0)
    - React
  - react-native-maps (0.27.1):
    - React
  - react-native-onesignal (4.1.1):
    - OneSignalXCFramework (= 3.4.4)
    - React (< 1.0.0, >= 0.13.0)
  - react-native-safe-area-context (3.2.0):
    - React-Core
  - react-native-simple-toast (1.1.3):
    - React-Core
    - Toast (~> 4.0.0)
  - react-native-slider (3.0.3):
    - React
  - react-native-splash-screen (3.2.0):
    - React
  - react-native-viewpager (5.0.11):
    - React-Core
  - react-native-webview (11.6.4):
    - React-Core
  - React-RCTActionSheet (0.63.2):
    - React-Core/RCTActionSheetHeaders (= 0.63.2)
  - React-RCTAnimation (0.63.2):
    - FBReactNativeSpec (= 0.63.2)
    - Folly (= 2020.01.13.00)
    - RCTTypeSafety (= 0.63.2)
    - React-Core/RCTAnimationHeaders (= 0.63.2)
    - React-jsi (= 0.63.2)
    - ReactCommon/turbomodule/core (= 0.63.2)
  - React-RCTBlob (0.63.2):
    - FBReactNativeSpec (= 0.63.2)
    - Folly (= 2020.01.13.00)
    - React-Core/RCTBlobHeaders (= 0.63.2)
    - React-Core/RCTWebSocket (= 0.63.2)
    - React-jsi (= 0.63.2)
    - React-RCTNetwork (= 0.63.2)
    - ReactCommon/turbomodule/core (= 0.63.2)
  - React-RCTImage (0.63.2):
    - FBReactNativeSpec (= 0.63.2)
    - Folly (= 2020.01.13.00)
    - RCTTypeSafety (= 0.63.2)
    - React-Core/RCTImageHeaders (= 0.63.2)
    - React-jsi (= 0.63.2)
    - React-RCTNetwork (= 0.63.2)
    - ReactCommon/turbomodule/core (= 0.63.2)
  - React-RCTLinking (0.63.2):
    - FBReactNativeSpec (= 0.63.2)
    - React-Core/RCTLinkingHeaders (= 0.63.2)
    - React-jsi (= 0.63.2)
    - ReactCommon/turbomodule/core (= 0.63.2)
  - React-RCTNetwork (0.63.2):
    - FBReactNativeSpec (= 0.63.2)
    - Folly (= 2020.01.13.00)
    - RCTTypeSafety (= 0.63.2)
    - React-Core/RCTNetworkHeaders (= 0.63.2)
    - React-jsi (= 0.63.2)
    - ReactCommon/turbomodule/core (= 0.63.2)
  - React-RCTSettings (0.63.2):
    - FBReactNativeSpec (= 0.63.2)
    - Folly (= 2020.01.13.00)
    - RCTTypeSafety (= 0.63.2)
    - React-Core/RCTSettingsHeaders (= 0.63.2)
    - React-jsi (= 0.63.2)
    - ReactCommon/turbomodule/core (= 0.63.2)
  - React-RCTText (0.63.2):
    - React-Core/RCTTextHeaders (= 0.63.2)
  - React-RCTVibration (0.63.2):
    - FBReactNativeSpec (= 0.63.2)
    - Folly (= 2020.01.13.00)
    - React-Core/RCTVibrationHeaders (= 0.63.2)
    - React-jsi (= 0.63.2)
    - ReactCommon/turbomodule/core (= 0.63.2)
  - ReactCommon/turbomodule/core (0.63.2):
    - DoubleConversion
    - Folly (= 2020.01.13.00)
    - glog
    - React-callinvoker (= 0.63.2)
    - React-Core (= 0.63.2)
    - React-cxxreact (= 0.63.2)
    - React-jsi (= 0.63.2)
  - ReactNativeART (1.2.0):
    - React
  - RNAppleAuthentication (2.1.2):
    - React-Core
  - RNCAsyncStorage (1.12.1):
    - React-Core
  - RNCCheckbox (0.5.8):
    - React-Core
  - RNCMaskedView (0.1.11):
    - React
  - RNCPicker (1.16.1):
    - React-Core
  - RNDateTimePicker (3.5.2):
    - React-Core
  - RNFBApp (11.5.0):
    - Firebase/CoreOnly (= 7.11.0)
    - React-Core
  - RNGestureHandler (1.10.3):
    - React-Core
  - RNGoogleSignin (4.0.3):
    - GoogleSignIn (~> 5.0.0)
    - React
  - RNPermissions (2.2.2):
    - React-Core
  - RNReanimated (1.13.3):
    - React-Core
  - RNScreens (2.18.1):
    - React-Core
  - RNSha256 (1.4.7):
    - React
  - RNShare (3.8.5):
    - React-Core
  - RNSVG (12.1.1):
    - React
  - RNVectorIcons (7.1.0):
    - React
  - Toast (4.0.0)
  - Yoga (1.14.0)

DEPENDENCIES:
  - BVLinearGradient (from `../node_modules/react-native-linear-gradient`)
  - DoubleConversion (from `../node_modules/react-native/third-party-podspecs/DoubleConversion.podspec`)
  - FBLazyVector (from `../node_modules/react-native/Libraries/FBLazyVector`)
  - FBReactNativeSpec (from `../node_modules/react-native/Libraries/FBReactNativeSpec`)
  - Folly (from `../node_modules/react-native/third-party-podspecs/Folly.podspec`)
  - glog (from `../node_modules/react-native/third-party-podspecs/glog.podspec`)
  - Permission-LocationAlways (from `../node_modules/react-native-permissions/ios/LocationAlways.podspec`)
  - Permission-LocationWhenInUse (from `../node_modules/react-native-permissions/ios/LocationWhenInUse.podspec`)
  - RCTRequired (from `../node_modules/react-native/Libraries/RCTRequired`)
  - RCTTypeSafety (from `../node_modules/react-native/Libraries/TypeSafety`)
  - React (from `../node_modules/react-native/`)
  - React-callinvoker (from `../node_modules/react-native/ReactCommon/callinvoker`)
  - React-Core (from `../node_modules/react-native/`)
  - React-Core/DevSupport (from `../node_modules/react-native/`)
  - React-Core/RCTWebSocket (from `../node_modules/react-native/`)
  - React-CoreModules (from `../node_modules/react-native/React/CoreModules`)
  - React-cxxreact (from `../node_modules/react-native/ReactCommon/cxxreact`)
  - React-jsi (from `../node_modules/react-native/ReactCommon/jsi`)
  - React-jsiexecutor (from `../node_modules/react-native/ReactCommon/jsiexecutor`)
  - React-jsinspector (from `../node_modules/react-native/ReactCommon/jsinspector`)
  - react-native-date-picker (from `../node_modules/react-native-date-picker`)
  - react-native-fbsdk (from `../node_modules/react-native-fbsdk`)
  - "react-native-geolocation (from `../node_modules/@react-native-community/geolocation`)"
  - react-native-geolocation-service (from `../node_modules/react-native-geolocation-service`)
  - react-native-google-places (from `../node_modules/react-native-google-places`)
  - react-native-maps (from `../node_modules/react-native-maps`)
  - react-native-onesignal (from `../node_modules/react-native-onesignal`)
  - react-native-safe-area-context (from `../node_modules/react-native-safe-area-context`)
  - react-native-simple-toast (from `../node_modules/react-native-simple-toast`)
  - "react-native-slider (from `../node_modules/@react-native-community/slider`)"
  - react-native-splash-screen (from `../node_modules/react-native-splash-screen`)
  - "react-native-viewpager (from `../node_modules/@react-native-community/viewpager`)"
  - react-native-webview (from `../node_modules/react-native-webview`)
  - React-RCTActionSheet (from `../node_modules/react-native/Libraries/ActionSheetIOS`)
  - React-RCTAnimation (from `../node_modules/react-native/Libraries/NativeAnimation`)
  - React-RCTBlob (from `../node_modules/react-native/Libraries/Blob`)
  - React-RCTImage (from `../node_modules/react-native/Libraries/Image`)
  - React-RCTLinking (from `../node_modules/react-native/Libraries/LinkingIOS`)
  - React-RCTNetwork (from `../node_modules/react-native/Libraries/Network`)
  - React-RCTSettings (from `../node_modules/react-native/Libraries/Settings`)
  - React-RCTText (from `../node_modules/react-native/Libraries/Text`)
  - React-RCTVibration (from `../node_modules/react-native/Libraries/Vibration`)
  - ReactCommon/turbomodule/core (from `../node_modules/react-native/ReactCommon`)
  - "ReactNativeART (from `../node_modules/@react-native-community/art`)"
  - "RNAppleAuthentication (from `../node_modules/@invertase/react-native-apple-authentication`)"
  - "RNCAsyncStorage (from `../node_modules/@react-native-community/async-storage`)"
  - "RNCCheckbox (from `../node_modules/@react-native-community/checkbox`)"
  - "RNCMaskedView (from `../node_modules/@react-native-community/masked-view`)"
  - "RNCPicker (from `../node_modules/@react-native-picker/picker`)"
  - "RNDateTimePicker (from `../node_modules/@react-native-community/datetimepicker`)"
  - "RNFBApp (from `../node_modules/@react-native-firebase/app`)"
  - RNGestureHandler (from `../node_modules/react-native-gesture-handler`)
  - "RNGoogleSignin (from `../node_modules/@react-native-community/google-signin`)"
  - RNPermissions (from `../node_modules/react-native-permissions`)
  - RNReanimated (from `../node_modules/react-native-reanimated`)
  - RNScreens (from `../node_modules/react-native-screens`)
  - RNSha256 (from `../node_modules/react-native-sha256`)
  - RNShare (from `../node_modules/react-native-share`)
  - RNSVG (from `../node_modules/react-native-svg`)
  - RNVectorIcons (from `../node_modules/react-native-vector-icons`)
  - Yoga (from `../node_modules/react-native/ReactCommon/yoga`)

SPEC REPOS:
  trunk:
    - AppAuth
    - boost-for-react-native
    - FBSDKCoreKit
    - FBSDKLoginKit
    - FBSDKShareKit
    - Firebase
    - FirebaseCore
    - FirebaseCoreDiagnostics
    - GoogleDataTransport
    - GoogleMaps
    - GooglePlaces
    - GoogleSignIn
    - GoogleUtilities
    - GTMAppAuth
    - GTMSessionFetcher
    - nanopb
    - OneSignalXCFramework
    - PromisesObjC
    - Toast

EXTERNAL SOURCES:
  BVLinearGradient:
    :path: "../node_modules/react-native-linear-gradient"
  DoubleConversion:
    :podspec: "../node_modules/react-native/third-party-podspecs/DoubleConversion.podspec"
  FBLazyVector:
    :path: "../node_modules/react-native/Libraries/FBLazyVector"
  FBReactNativeSpec:
    :path: "../node_modules/react-native/Libraries/FBReactNativeSpec"
  Folly:
    :podspec: "../node_modules/react-native/third-party-podspecs/Folly.podspec"
  glog:
    :podspec: "../node_modules/react-native/third-party-podspecs/glog.podspec"
  Permission-LocationAlways:
    :path: "../node_modules/react-native-permissions/ios/LocationAlways.podspec"
  Permission-LocationWhenInUse:
    :path: "../node_modules/react-native-permissions/ios/LocationWhenInUse.podspec"
  RCTRequired:
    :path: "../node_modules/react-native/Libraries/RCTRequired"
  RCTTypeSafety:
    :path: "../node_modules/react-native/Libraries/TypeSafety"
  React:
    :path: "../node_modules/react-native/"
  React-callinvoker:
    :path: "../node_modules/react-native/ReactCommon/callinvoker"
  React-Core:
    :path: "../node_modules/react-native/"
  React-CoreModules:
    :path: "../node_modules/react-native/React/CoreModules"
  React-cxxreact:
    :path: "../node_modules/react-native/ReactCommon/cxxreact"
  React-jsi:
    :path: "../node_modules/react-native/ReactCommon/jsi"
  React-jsiexecutor:
    :path: "../node_modules/react-native/ReactCommon/jsiexecutor"
  React-jsinspector:
    :path: "../node_modules/react-native/ReactCommon/jsinspector"
  react-native-date-picker:
    :path: "../node_modules/react-native-date-picker"
  react-native-fbsdk:
    :path: "../node_modules/react-native-fbsdk"
  react-native-geolocation:
    :path: "../node_modules/@react-native-community/geolocation"
  react-native-geolocation-service:
    :path: "../node_modules/react-native-geolocation-service"
  react-native-google-places:
    :path: "../node_modules/react-native-google-places"
  react-native-maps:
    :path: "../node_modules/react-native-maps"
  react-native-onesignal:
    :path: "../node_modules/react-native-onesignal"
  react-native-safe-area-context:
    :path: "../node_modules/react-native-safe-area-context"
  react-native-simple-toast:
    :path: "../node_modules/react-native-simple-toast"
  react-native-slider:
    :path: "../node_modules/@react-native-community/slider"
  react-native-splash-screen:
    :path: "../node_modules/react-native-splash-screen"
  react-native-viewpager:
    :path: "../node_modules/@react-native-community/viewpager"
  react-native-webview:
    :path: "../node_modules/react-native-webview"
  React-RCTActionSheet:
    :path: "../node_modules/react-native/Libraries/ActionSheetIOS"
  React-RCTAnimation:
    :path: "../node_modules/react-native/Libraries/NativeAnimation"
  React-RCTBlob:
    :path: "../node_modules/react-native/Libraries/Blob"
  React-RCTImage:
    :path: "../node_modules/react-native/Libraries/Image"
  React-RCTLinking:
    :path: "../node_modules/react-native/Libraries/LinkingIOS"
  React-RCTNetwork:
    :path: "../node_modules/react-native/Libraries/Network"
  React-RCTSettings:
    :path: "../node_modules/react-native/Libraries/Settings"
  React-RCTText:
    :path: "../node_modules/react-native/Libraries/Text"
  React-RCTVibration:
    :path: "../node_modules/react-native/Libraries/Vibration"
  ReactCommon:
    :path: "../node_modules/react-native/ReactCommon"
  ReactNativeART:
    :path: "../node_modules/@react-native-community/art"
  RNAppleAuthentication:
    :path: "../node_modules/@invertase/react-native-apple-authentication"
  RNCAsyncStorage:
    :path: "../node_modules/@react-native-community/async-storage"
  RNCCheckbox:
    :path: "../node_modules/@react-native-community/checkbox"
  RNCMaskedView:
    :path: "../node_modules/@react-native-community/masked-view"
  RNCPicker:
    :path: "../node_modules/@react-native-picker/picker"
  RNDateTimePicker:
    :path: "../node_modules/@react-native-community/datetimepicker"
  RNFBApp:
    :path: "../node_modules/@react-native-firebase/app"
  RNGestureHandler:
    :path: "../node_modules/react-native-gesture-handler"
  RNGoogleSignin:
    :path: "../node_modules/@react-native-community/google-signin"
  RNPermissions:
    :path: "../node_modules/react-native-permissions"
  RNReanimated:
    :path: "../node_modules/react-native-reanimated"
  RNScreens:
    :path: "../node_modules/react-native-screens"
  RNSha256:
    :path: "../node_modules/react-native-sha256"
  RNShare:
    :path: "../node_modules/react-native-share"
  RNSVG:
    :path: "../node_modules/react-native-svg"
  RNVectorIcons:
    :path: "../node_modules/react-native-vector-icons"
  Yoga:
    :path: "../node_modules/react-native/ReactCommon/yoga"

SPEC CHECKSUMS:
  AppAuth: 31bcec809a638d7bd2f86ea8a52bd45f6e81e7c7
  boost-for-react-native: 39c7adb57c4e60d6c5479dd8623128eb5b3f0f2c
  BVLinearGradient: e3aad03778a456d77928f594a649e96995f1c872
  DoubleConversion: cde416483dac037923206447da6e1454df403714
  FBLazyVector: 3ef4a7f62e7db01092f9d517d2ebc0d0677c4a37
  FBReactNativeSpec: dc7fa9088f0f2a998503a352b0554d69a4391c5a
  FBSDKCoreKit: b46507dc8b8cefed31d644e74d7cc30e2a715ef8
  FBSDKLoginKit: 1a61d79e2b25e2fc0d03dccab1e34b38bbdf2546
  FBSDKShareKit: 00a055c1999b099596e00212dd1c0600c6697019
  Firebase: c121feb35e4126c0b355e3313fa9b487d47319fd
  FirebaseCore: 907447d8917a4d3eb0cce2829c5a0ad21d90b432
  FirebaseCoreDiagnostics: 68ad972f99206cef818230f3f3179d52ccfb7f8c
  Folly: b73c3869541e86821df3c387eb0af5f65addfab4
  glog: 40a13f7840415b9a77023fbcae0f1e6f43192af3
  GoogleDataTransport: cd9db2180fcecd8da1b561aea31e3e56cf834aa7
  GoogleMaps: 5c13302e6fe6bb6e686b267196586b91cd594225
  GooglePlaces: e874db179f2675c4f3eeda0b686b540273a578b0
  GoogleSignIn: 7137d297ddc022a7e0aa4619c86d72c909fa7213
  GoogleUtilities: f8a43108b38a68eebe8b3540e1f4f2d28843ce20
  GTMAppAuth: ad5c2b70b9a8689e1a04033c9369c4915bfcbe89
  GTMSessionFetcher: b3503b20a988c4e20cc189aa798fd18220133f52
  nanopb: a0ba3315591a9ae0a16a309ee504766e90db0c96
  OneSignalXCFramework: eaf286b7438aa1f030f03e5fa9f1c79ede5d8f04
  Permission-LocationAlways: 700dfb730b07b24a84f8c173b93ad816d71d3dc8
  Permission-LocationWhenInUse: 871e81c06c1fc578353fce962d5d8e6efa697f1a
  PromisesObjC: 3113f7f76903778cf4a0586bd1ab89329a0b7b97
  RCTRequired: f13f25e7b12f925f1f6a6a8c69d929a03c0129fe
  RCTTypeSafety: 44982c5c8e43ff4141eb519a8ddc88059acd1f3a
  React: e1c65dd41cb9db13b99f24608e47dd595f28ca9a
  React-callinvoker: 552a6a6bc8b3bb794cf108ad59e5a9e2e3b4fc98
  React-Core: 9d341e725dc9cd2f49e4c49ad1fc4e8776aa2639
  React-CoreModules: 5335e168165da7f7083ce7147768d36d3e292318
  React-cxxreact: d3261ec5f7d11743fbf21e263a34ea51d1f13ebc
  React-jsi: 54245e1d5f4b690dec614a73a3795964eeef13a8
  React-jsiexecutor: 8ca588cc921e70590820ce72b8789b02c67cce38
  React-jsinspector: b14e62ebe7a66e9231e9581279909f2fc3db6606
  react-native-date-picker: 96a07ca27a6225da8a3935324d85046028456b0f
  react-native-fbsdk: 00c15d138bba6d4efa628670886fc58cec858c19
  react-native-geolocation: c956aeb136625c23e0dce0467664af2c437888c9
  react-native-geolocation-service: 7c9436da6dfdecd9526c62eac62ea2bc3f0cc8ea
  react-native-google-places: 34e976a0e13cb55cc9603ef2fa6764ed534af806
  react-native-maps: f4b89da81626ad7f151a8bfcb79733295d31ce5c
  react-native-onesignal: 2a7c3a5f2aa1c599d94cda6cc583205e1548828d
  react-native-safe-area-context: f0906bf8bc9835ac9a9d3f97e8bde2a997d8da79
  react-native-simple-toast: bf002828cf816775a6809f7a9ec3907509bce11f
  react-native-slider: e99fc201cefe81270fc9d81714a7a0f5e566b168
  react-native-splash-screen: 200d11d188e2e78cea3ad319964f6142b6384865
  react-native-viewpager: b99b53127d830885917ef84809c5065edd614a78
  react-native-webview: 1a19adb5578cdf7f005b7961dcc50c1c6b70f41b
  React-RCTActionSheet: 910163b6b09685a35c4ebbc52b66d1bfbbe39fc5
  React-RCTAnimation: 9a883bbe1e9d2e158d4fb53765ed64c8dc2200c6
  React-RCTBlob: 39cf0ece1927996c4466510e25d2105f67010e13
  React-RCTImage: de355d738727b09ad3692f2a979affbd54b5f378
  React-RCTLinking: 8122f221d395a63364b2c0078ce284214bd04575
  React-RCTNetwork: 8f96c7b49ea6a0f28f98258f347b6ad218bc0830
  React-RCTSettings: 8a49622aff9c1925f5455fa340b6fe4853d64ab6
  React-RCTText: 1b6773e776e4b33f90468c20fe3b16ca3e224bb8
  React-RCTVibration: 4d2e726957f4087449739b595f107c0d4b6c2d2d
  ReactCommon: a0a1edbebcac5e91338371b72ffc66aa822792ce
  ReactNativeART: 78edc68dd4a1e675338cd0cd113319cf3a65f2ab
  RNAppleAuthentication: e95bcfbd044013667f35c5ca20ae17d39500c009
  RNCAsyncStorage: b03032fdbdb725bea0bd9e5ec5a7272865ae7398
  RNCCheckbox: 6bd119c26c6eb8264a29d59ff66cb70a14de3349
  RNCMaskedView: 0e1bc4bfa8365eba5fbbb71e07fbdc0555249489
  RNCPicker: 61c7a0645b9e4ac67960aa7f22a3effcecfdfb8d
  RNDateTimePicker: 7658208086d86d09e1627b5c34ba0cf237c60140
  RNFBApp: 9c90f9d576861947ba75fe0830567c570bcbcf6d
  RNGestureHandler: a479ebd5ed4221a810967000735517df0d2db211
  RNGoogleSignin: ccf71ee4b6cfd324fd788a41e457e2043838c0d9
  RNPermissions: 5df468064df661a4c8c017e2791ce90d7695eea5
  RNReanimated: 514a11da3a2bcc6c3dfd9de32b38e2b9bf101926
  RNScreens: f7ad633b2e0190b77b6a7aab7f914fad6f198d8d
  RNSha256: bf2c90a9e0cec6dcbcc4100e4e19715ae7feaa34
  RNShare: 7e22ba3bf66294ff7c122a1f2da8a8ec642091a0
  RNSVG: 551acb6562324b1d52a4e0758f7ca0ec234e278f
  RNVectorIcons: bc69e6a278b14842063605de32bec61f0b251a59
  Toast: 91b396c56ee72a5790816f40d3a94dd357abc196
  Yoga: 7740b94929bbacbddda59bf115b5317e9a161598

PODFILE CHECKSUM: e207d685a521fda47af031c3f56868bb80974401

COCOAPODS: 1.10.1
